// !$*UTF8*$!
{
	archiveVersion = 1;
	classes = {
	};
	objectVersion = 46;
	objects = {

/* Begin PBXBuildFile section */
		7AF689E41CBAF0CC00EFA837 /* AppDelegate.swift in Sources */ = {isa = PBXBuildFile; fileRef = 7AF689E31CBAF0CC00EFA837 /* AppDelegate.swift */; };
		7AF689E61CBAF0CC00EFA837 /* ViewController.swift in Sources */ = {isa = PBXBuildFile; fileRef = 7AF689E51CBAF0CC00EFA837 /* ViewController.swift */; };
		7AF689E91CBAF0CC00EFA837 /* Main.storyboard in Resources */ = {isa = PBXBuildFile; fileRef = 7AF689E71CBAF0CC00EFA837 /* Main.storyboard */; };
		7AF689EB1CBAF0CC00EFA837 /* Assets.xcassets in Resources */ = {isa = PBXBuildFile; fileRef = 7AF689EA1CBAF0CC00EFA837 /* Assets.xcassets */; };
		7AF689EE1CBAF0CC00EFA837 /* LaunchScreen.storyboard in Resources */ = {isa = PBXBuildFile; fileRef = 7AF689EC1CBAF0CC00EFA837 /* LaunchScreen.storyboard */; };
		82BC47A1F792627D562F81C7 /* Pods.framework in Frameworks */ = {isa = PBXBuildFile; fileRef = DA6FBE86619EC1255A0FF64D /* Pods.framework */; };
/* End PBXBuildFile section */

/* Begin PBXFileReference section */
		4B2B7CAC89241D3C6343B0DF /* Pods.debug.xcconfig */ = {isa = PBXFileReference; includeInIndex = 1; lastKnownFileType = text.xcconfig; name = Pods.debug.xcconfig; path = "Pods/Target Support Files/Pods/Pods.debug.xcconfig"; sourceTree = "<group>"; };
		69556713343F5D56D5368ED2 /* Pods.release.xcconfig */ = {isa = PBXFileReference; includeInIndex = 1; lastKnownFileType = text.xcconfig; name = Pods.release.xcconfig; path = "Pods/Target Support Files/Pods/Pods.release.xcconfig"; sourceTree = "<group>"; };
		7AF689E01CBAF0CB00EFA837 /* SolarOrbit-Easy.app */ = {isa = PBXFileReference; explicitFileType = wrapper.application; includeInIndex = 0; path = "SolarOrbit-Easy.app"; sourceTree = BUILT_PRODUCTS_DIR; };
		7AF689E31CBAF0CC00EFA837 /* AppDelegate.swift */ = {isa = PBXFileReference; lastKnownFileType = sourcecode.swift; path = AppDelegate.swift; sourceTree = "<group>"; };
		7AF689E51CBAF0CC00EFA837 /* ViewController.swift */ = {isa = PBXFileReference; lastKnownFileType = sourcecode.swift; path = ViewController.swift; sourceTree = "<group>"; };
		7AF689E81CBAF0CC00EFA837 /* Base */ = {isa = PBXFileReference; lastKnownFileType = file.storyboard; name = Base; path = Base.lproj/Main.storyboard; sourceTree = "<group>"; };
		7AF689EA1CBAF0CC00EFA837 /* Assets.xcassets */ = {isa = PBXFileReference; lastKnownFileType = folder.assetcatalog; path = Assets.xcassets; sourceTree = "<group>"; };
		7AF689ED1CBAF0CC00EFA837 /* Base */ = {isa = PBXFileReference; lastKnownFileType = file.storyboard; name = Base; path = Base.lproj/LaunchScreen.storyboard; sourceTree = "<group>"; };
		7AF689EF1CBAF0CC00EFA837 /* Info.plist */ = {isa = PBXFileReference; lastKnownFileType = text.plist.xml; path = Info.plist; sourceTree = "<group>"; };
		DA6FBE86619EC1255A0FF64D /* Pods.framework */ = {isa = PBXFileReference; explicitFileType = wrapper.framework; includeInIndex = 0; path = Pods.framework; sourceTree = BUILT_PRODUCTS_DIR; };
/* End PBXFileReference section */

/* Begin PBXFrameworksBuildPhase section */
		7AF689DD1CBAF0CB00EFA837 /* Frameworks */ = {
			isa = PBXFrameworksBuildPhase;
			buildActionMask = 2147483647;
			files = (
				82BC47A1F792627D562F81C7 /* Pods.framework in Frameworks */,
			);
			runOnlyForDeploymentPostprocessing = 0;
		};
/* End PBXFrameworksBuildPhase section */

/* Begin PBXGroup section */
		4A45A432F28C2480C4011041 /* Frameworks */ = {
			isa = PBXGroup;
			children = (
				DA6FBE86619EC1255A0FF64D /* Pods.framework */,
			);
			name = Frameworks;
			sourceTree = "<group>";
		};
		7AF689D71CBAF0CB00EFA837 = {
			isa = PBXGroup;
			children = (
				7AF689E21CBAF0CC00EFA837 /* SolarOrbit-Easy */,
				7AF689E11CBAF0CB00EFA837 /* Products */,
				B4C6132C161F73A6C509417D /* Pods */,
				4A45A432F28C2480C4011041 /* Frameworks */,
			);
			sourceTree = "<group>";
		};
		7AF689E11CBAF0CB00EFA837 /* Products */ = {
			isa = PBXGroup;
			children = (
				7AF689E01CBAF0CB00EFA837 /* SolarOrbit-Easy.app */,
			);
			name = Products;
			sourceTree = "<group>";
		};
		7AF689E21CBAF0CC00EFA837 /* SolarOrbit-Easy */ = {
			isa = PBXGroup;
			children = (
				7AF689E31CBAF0CC00EFA837 /* AppDelegate.swift */,
				7AF689E51CBAF0CC00EFA837 /* ViewController.swift */,
				7AF689E71CBAF0CC00EFA837 /* Main.storyboard */,
				7AF689EA1CBAF0CC00EFA837 /* Assets.xcassets */,
				7AF689EC1CBAF0CC00EFA837 /* LaunchScreen.storyboard */,
				7AF689EF1CBAF0CC00EFA837 /* Info.plist */,
			);
			path = "SolarOrbit-Easy";
			sourceTree = "<group>";
		};
		B4C6132C161F73A6C509417D /* Pods */ = {
			isa = PBXGroup;
			children = (
				4B2B7CAC89241D3C6343B0DF /* Pods.debug.xcconfig */,
				69556713343F5D56D5368ED2 /* Pods.release.xcconfig */,
			);
			name = Pods;
			sourceTree = "<group>";
		};
/* End PBXGroup section */

/* Begin PBXNativeTarget section */
		7AF689DF1CBAF0CB00EFA837 /* SolarOrbit-Easy */ = {
			isa = PBXNativeTarget;
			buildConfigurationList = 7AF689F21CBAF0CC00EFA837 /* Build configuration list for PBXNativeTarget "SolarOrbit-Easy" */;
			buildPhases = (
				A9C1AC1A8CA2E7AFADA89349 /* Check Pods Manifest.lock */,
				7AF689DC1CBAF0CB00EFA837 /* Sources */,
				7AF689DD1CBAF0CB00EFA837 /* Frameworks */,
				7AF689DE1CBAF0CB00EFA837 /* Resources */,
				4D15575AA35E1E6EBABF1981 /* Embed Pods Frameworks */,
				A25610FCB77AD2FDB2AFEDE9 /* Copy Pods Resources */,
			);
			buildRules = (
			);
			dependencies = (
			);
			name = "SolarOrbit-Easy";
			productName = "SolarOrbit-Easy";
			productReference = 7AF689E01CBAF0CB00EFA837 /* SolarOrbit-Easy.app */;
			productType = "com.apple.product-type.application";
		};
/* End PBXNativeTarget section */

/* Begin PBXProject section */
		7AF689D81CBAF0CB00EFA837 /* Project object */ = {
			isa = PBXProject;
			attributes = {
				LastSwiftUpdateCheck = 0730;
				LastUpgradeCheck = 0730;
				ORGANIZATIONNAME = "Gabriel Massana";
				TargetAttributes = {
					7AF689DF1CBAF0CB00EFA837 = {
						CreatedOnToolsVersion = 7.3;
					};
				};
			};
			buildConfigurationList = 7AF689DB1CBAF0CB00EFA837 /* Build configuration list for PBXProject "SolarOrbit-Easy" */;
			compatibilityVersion = "Xcode 3.2";
			developmentRegion = English;
			hasScannedForEncodings = 0;
			knownRegions = (
				en,
				Base,
			);
			mainGroup = 7AF689D71CBAF0CB00EFA837;
			productRefGroup = 7AF689E11CBAF0CB00EFA837 /* Products */;
			projectDirPath = "";
			projectRoot = "";
			targets = (
				7AF689DF1CBAF0CB00EFA837 /* SolarOrbit-Easy */,
			);
		};
/* End PBXProject section */

/* Begin PBXResourcesBuildPhase section */
		7AF689DE1CBAF0CB00EFA837 /* Resources */ = {
			isa = PBXResourcesBuildPhase;
			buildActionMask = 2147483647;
			files = (
				7AF689EE1CBAF0CC00EFA837 /* LaunchScreen.storyboard in Resources */,
				7AF689EB1CBAF0CC00EFA837 /* Assets.xcassets in Resources */,
				7AF689E91CBAF0CC00EFA837 /* Main.storyboard in Resources */,
			);
			runOnlyForDeploymentPostprocessing = 0;
		};
/* End PBXResourcesBuildPhase section */

/* Begin PBXShellScriptBuildPhase section */
		4D15575AA35E1E6EBABF1981 /* Embed Pods Frameworks */ = {
			isa = PBXShellScriptBuildPhase;
			buildActionMask = 2147483647;
			files = (
			);
			inputPaths = (
			);
			name = "Embed Pods Frameworks";
			outputPaths = (
			);
			runOnlyForDeploymentPostprocessing = 0;
			shellPath = /bin/sh;
			shellScript = "\"${SRCROOT}/Pods/Target Support Files/Pods/Pods-frameworks.sh\"\n";
			showEnvVarsInLog = 0;
		};
		A25610FCB77AD2FDB2AFEDE9 /* Copy Pods Resources */ = {
			isa = PBXShellScriptBuildPhase;
			buildActionMask = 2147483647;
			files = (
			);
			inputPaths = (
			);
			name = "Copy Pods Resources";
			outputPaths = (
			);
			runOnlyForDeploymentPostprocessing = 0;
			shellPath = /bin/sh;
			shellScript = "\"${SRCROOT}/Pods/Target Support Files/Pods/Pods-resources.sh\"\n";
			showEnvVarsInLog = 0;
		};
		A9C1AC1A8CA2E7AFADA89349 /* Check Pods Manifest.lock */ = {
			isa = PBXShellScriptBuildPhase;
			buildActionMask = 2147483647;
			files = (
			);
			inputPaths = (
			);
			name = "Check Pods Manifest.lock";
			outputPaths = (
			);
			runOnlyForDeploymentPostprocessing = 0;
			shellPath = /bin/sh;
			shellScript = "diff \"${PODS_ROOT}/../Podfile.lock\" \"${PODS_ROOT}/Manifest.lock\" > /dev/null\nif [[ $? != 0 ]] ; then\n    cat << EOM\nerror: The sandbox is not in sync with the Podfile.lock. Run 'pod install' or update your CocoaPods installation.\nEOM\n    exit 1\nfi\n";
			showEnvVarsInLog = 0;
		};
/* End PBXShellScriptBuildPhase section */

/* Begin PBXSourcesBuildPhase section */
		7AF689DC1CBAF0CB00EFA837 /* Sources */ = {
			isa = PBXSourcesBuildPhase;
			buildActionMask = 2147483647;
			files = (
				7AF689E61CBAF0CC00EFA837 /* ViewController.swift in Sources */,
				7AF689E41CBAF0CC00EFA837 /* AppDelegate.swift in Sources */,
			);
			runOnlyForDeploymentPostprocessing = 0;
		};
/* End PBXSourcesBuildPhase section */

/* Begin PBXVariantGroup section */
		7AF689E71CBAF0CC00EFA837 /* Main.storyboard */ = {
			isa = PBXVariantGroup;
			children = (
				7AF689E81CBAF0CC00EFA837 /* Base */,
			);
			name = Main.storyboard;
			sourceTree = "<group>";
		};
		7AF689EC1CBAF0CC00EFA837 /* LaunchScreen.storyboard */ = {
			isa = PBXVariantGroup;
			children = (
				7AF689ED1CBAF0CC00EFA837 /* Base */,
			);
			name = LaunchScreen.storyboard;
			sourceTree = "<group>";
		};
/* End PBXVariantGroup section */

/* Begin XCBuildConfiguration section */
		7AF689F01CBAF0CC00EFA837 /* Debug */ = {
			isa = XCBuildConfiguration;
			buildSettings = {
				ALWAYS_SEARCH_USER_PATHS = NO;
				CLANG_ANALYZER_NONNULL = YES;
				CLANG_CXX_LANGUAGE_STANDARD = "gnu++0x";
				CLANG_CXX_LIBRARY = "libc++";
				CLANG_ENABLE_MODULES = YES;
				CLANG_ENABLE_OBJC_ARC = YES;
				CLANG_WARN_BOOL_CONVERSION = YES;
				CLANG_WARN_CONSTANT_CONVERSION = YES;
				CLANG_WARN_DIRECT_OBJC_ISA_USAGE = YES_ERROR;
				CLANG_WARN_EMPTY_BODY = YES;
				CLANG_WARN_ENUM_CONVERSION = YES;
				CLANG_WARN_INT_CONVERSION = YES;
				CLANG_WARN_OBJC_ROOT_CLASS = YES_ERROR;
				CLANG_WARN_UNREACHABLE_CODE = YES;
				CLANG_WARN__DUPLICATE_METHOD_MATCH = YES;
				"CODE_SIGN_IDENTITY[sdk=iphoneos*]" = "iPhone Developer";
				COPY_PHASE_STRIP = NO;
				DEBUG_INFORMATION_FORMAT = dwarf;
				ENABLE_STRICT_OBJC_MSGSEND = YES;
				ENABLE_TESTABILITY = YES;
				GCC_C_LANGUAGE_STANDARD = gnu99;
				GCC_DYNAMIC_NO_PIC = NO;
				GCC_NO_COMMON_BLOCKS = YES;
				GCC_OPTIMIZATION_LEVEL = 0;
				GCC_PREPROCESSOR_DEFINITIONS = (
					"DEBUG=1",
					"$(inherited)",
				);
				GCC_WARN_64_TO_32_BIT_CONVERSION = YES;
				GCC_WARN_ABOUT_RETURN_TYPE = YES_ERROR;
				GCC_WARN_UNDECLARED_SELECTOR = YES;
				GCC_WARN_UNINITIALIZED_AUTOS = YES_AGGRESSIVE;
				GCC_WARN_UNUSED_FUNCTION = YES;
				GCC_WARN_UNUSED_VARIABLE = YES;
				IPHONEOS_DEPLOYMENT_TARGET = 9.3;
				MTL_ENABLE_DEBUG_INFO = YES;
				ONLY_ACTIVE_ARCH = YES;
				SDKROOT = iphoneos;
				SWIFT_OPTIMIZATION_LEVEL = "-Onone";
				TARGETED_DEVICE_FAMILY = 2;
			};
			name = Debug;
		};
		7AF689F11CBAF0CC00EFA837 /* Release */ = {
			isa = XCBuildConfiguration;
			buildSettings = {
				ALWAYS_SEARCH_USER_PATHS = NO;
				CLANG_ANALYZER_NONNULL = YES;
				CLANG_CXX_LANGUAGE_STANDARD = "gnu++0x";
				CLANG_CXX_LIBRARY = "libc++";
				CLANG_ENABLE_MODULES = YES;
				CLANG_ENABLE_OBJC_ARC = YES;
				CLANG_WARN_BOOL_CONVERSION = YES;
				CLANG_WARN_CONSTANT_CONVERSION = YES;
				CLANG_WARN_DIRECT_OBJC_ISA_USAGE = YES_ERROR;
				CLANG_WARN_EMPTY_BODY = YES;
				CLANG_WARN_ENUM_CONVERSION = YES;
				CLANG_WARN_INT_CONVERSION = YES;
				CLANG_WARN_OBJC_ROOT_CLASS = YES_ERROR;
				CLANG_WARN_UNREACHABLE_CODE = YES;
				CLANG_WARN__DUPLICATE_METHOD_MATCH = YES;
				"CODE_SIGN_IDENTITY[sdk=iphoneos*]" = "iPhone Developer";
				COPY_PHASE_STRIP = NO;
				DEBUG_INFORMATION_FORMAT = "dwarf-with-dsym";
				ENABLE_NS_ASSERTIONS = NO;
				ENABLE_STRICT_OBJC_MSGSEND = YES;
				GCC_C_LANGUAGE_STANDARD = gnu99;
				GCC_NO_COMMON_BLOCKS = YES;
				GCC_WARN_64_TO_32_BIT_CONVERSION = YES;
				GCC_WARN_ABOUT_RETURN_TYPE = YES_ERROR;
				GCC_WARN_UNDECLARED_SELECTOR = YES;
				GCC_WARN_UNINITIALIZED_AUTOS = YES_AGGRESSIVE;
				GCC_WARN_UNUSED_FUNCTION = YES;
				GCC_WARN_UNUSED_VARIABLE = YES;
				IPHONEOS_DEPLOYMENT_TARGET = 9.3;
				MTL_ENABLE_DEBUG_INFO = NO;
				SDKROOT = iphoneos;
				TARGETED_DEVICE_FAMILY = 2;
				VALIDATE_PRODUCT = YES;
			};
			name = Release;
		};
		7AF689F31CBAF0CC00EFA837 /* Debug */ = {
			isa = XCBuildConfiguration;
			baseConfigurationReference = 4B2B7CAC89241D3C6343B0DF /* Pods.debug.xcconfig */;
			buildSettings = {
				ASSETCATALOG_COMPILER_APPICON_NAME = AppIcon;
				INFOPLIST_FILE = "SolarOrbit-Easy/Info.plist";
				IPHONEOS_DEPLOYMENT_TARGET = 9.0;
				LD_RUNPATH_SEARCH_PATHS = "$(inherited) @executable_path/Frameworks";
				PRODUCT_BUNDLE_IDENTIFIER = "Gabriel-Massana.SolarOrbit-Easy";
				PRODUCT_NAME = "$(TARGET_NAME)";
			};
			name = Debug;
		};
		7AF689F41CBAF0CC00EFA837 /* Release */ = {
			isa = XCBuildConfiguration;
			baseConfigurationReference = 69556713343F5D56D5368ED2 /* Pods.release.xcconfig */;
			buildSettings = {
				ASSETCATALOG_COMPILER_APPICON_NAME = AppIcon;
				INFOPLIST_FILE = "SolarOrbit-Easy/Info.plist";
				IPHONEOS_DEPLOYMENT_TARGET = 9.0;
				LD_RUNPATH_SEARCH_PATHS = "$(inherited) @executable_path/Frameworks";
				PRODUCT_BUNDLE_IDENTIFIER = "Gabriel-Massana.SolarOrbit-Easy";
				PRODUCT_NAME = "$(TARGET_NAME)";
			};
			name = Release;
		};
/* End XCBuildConfiguration section */

/* Begin XCConfigurationList section */
		7AF689DB1CBAF0CB00EFA837 /* Build configuration list for PBXProject "SolarOrbit-Easy" */ = {
			isa = XCConfigurationList;
			buildConfigurations = (
				7AF689F01CBAF0CC00EFA837 /* Debug */,
				7AF689F11CBAF0CC00EFA837 /* Release */,
			);
			defaultConfigurationIsVisible = 0;
			defaultConfigurationName = Release;
		};
		7AF689F21CBAF0CC00EFA837 /* Build configuration list for PBXNativeTarget "SolarOrbit-Easy" */ = {
			isa = XCConfigurationList;
			buildConfigurations = (
				7AF689F31CBAF0CC00EFA837 /* Debug */,
				7AF689F41CBAF0CC00EFA837 /* Release */,
			);
			defaultConfigurationIsVisible = 0;
			defaultConfigurationName = Release;
		};
/* End XCConfigurationList section */
	};
	rootObject = 7AF689D81CBAF0CB00EFA837 /* Project object */;
}
